# THIS IS AN AUTOGENERATED FILE. DO NOT EDIT THIS FILE DIRECTLY.
# yarn lockfile v1


"@hapi/hoek@^9.0.0":
  version "9.2.1"
  resolved "https://registry.npmjs.org/@hapi/hoek/-/hoek-9.2.1.tgz"
  integrity sha512-gfta+H8aziZsm8pZa0vj04KO6biEiisppNgA1kbJvFrrWu9Vm7eaUEy76DIxsuTaWvti5fkJVhllWc6ZTE+Mdw==

"@hapi/topo@^5.0.0":
  version "5.1.0"
  resolved "https://registry.npmjs.org/@hapi/topo/-/topo-5.1.0.tgz"
  integrity sha512-foQZKJig7Ob0BMAYBfcJk8d77QtOe7Wo4ox7ff1lQYoNNAb6jwcY1ncdoy2e9wQZzvNy7ODZCYJkK8kzmcAnAg==
  dependencies:
    "@hapi/hoek" "^9.0.0"

"@sideway/address@^4.1.3":
  version "4.1.3"
  resolved "https://registry.npmjs.org/@sideway/address/-/address-4.1.3.tgz"
  integrity sha512-8ncEUtmnTsMmL7z1YPB47kPUq7LpKWJNFPsRzHiIajGC5uXlWGn+AmkYPcHNl8S4tcEGx+cnORnNYaw2wvL+LQ==
  dependencies:
    "@hapi/hoek" "^9.0.0"

"@sideway/formula@^3.0.0":
  version "3.0.0"
  resolved "https://registry.npmjs.org/@sideway/formula/-/formula-3.0.0.tgz"
  integrity sha512-vHe7wZ4NOXVfkoRb8T5otiENVlT7a3IAiw7H5M2+GO+9CDgcVUUsX1zalAztCmwyOr2RUTGJdgB+ZvSVqmdHmg==

"@sideway/pinpoint@^2.0.0":
  version "2.0.0"
  resolved "https://registry.npmjs.org/@sideway/pinpoint/-/pinpoint-2.0.0.tgz"
  integrity sha512-RNiOoTPkptFtSVzQevY/yWtZwf/RxyVnPy/OcA9HBM3MlGDnBEYL5B41H0MTn0Uec8Hi+2qUtTfG2WWZBmMejQ==

express-validator@^6.13.0:
  version "6.13.0"
  resolved "https://registry.npmjs.org/express-validator/-/express-validator-6.13.0.tgz"
  integrity sha512-gvLqMFPwEm+C1CQlF3l695ubY1Shd3AtfI5JDYXM0Ju0A2GsGX+VjjQN7TcHXF6cO8wPgU8hSSFqWecBR0Gx1g==
  dependencies:
    lodash "^4.17.21"
    validator "^13.6.0"

joi@^17.4.3:
  version "17.4.3"
  resolved "https://registry.npmjs.org/joi/-/joi-17.4.3.tgz"
  integrity sha512-8W3oOogFRuy2aLAdlhMpzS4fNBIMiyIa3xBaBYMFgA272/d5sob1DAth6jjo+5VrOlzbEgmbBGbU4cLrffPKog==
  dependencies:
    "@hapi/hoek" "^9.0.0"
    "@hapi/topo" "^5.0.0"
    "@sideway/address" "^4.1.3"
    "@sideway/formula" "^3.0.0"
    "@sideway/pinpoint" "^2.0.0"

lodash@^4.17.21:
  version "4.17.21"
  resolved "https://registry.npmjs.org/lodash/-/lodash-4.17.21.tgz"
  integrity sha512-v2kDEe57lecTulaDIuNTPy3Ry4gLGJ6Z1O3vE1krgXZNrsQ+LFTGHVxVjcXPs17LhbZVGedAJv8XZ1tvj5FvSg==

postgres@^1.0.2:
  version "1.0.2"
  resolved "https://registry.yarnpkg.com/postgres/-/postgres-1.0.2.tgz#7b9f6769934f727cec0f1d7ef58d4915a327f5dd"
  integrity sha512-zeLgt42KSUNgX/uvo+gbVxTAYwgSY6MIKuU/a8YWuObX4rtGuKrVWopvEAqIAPSO0FeHS1TsSKnqPjoufPy8NA==

validator@^13.6.0:
  version "13.7.0"
  resolved "https://registry.npmjs.org/validator/-/validator-13.7.0.tgz"
  integrity sha512-nYXQLCBkpJ8X6ltALua9dRrZDHVYxjJ1wgskNt1lH9fzGjs3tgojGSCBjmEPwkWS1y29+DrizMTW19Pr9uB2nw==
